// !$*UTF8*$!
{
	archiveVersion = 1;
	classes = {
	};
	objectVersion = 56;
	objects = {

/* Begin PBXBuildFile section */
		4A1442822C5D4CEE00025E8D /* LoginView.swift in Sources */ = {isa = PBXBuildFile; fileRef = 4A1442812C5D4CEE00025E8D /* LoginView.swift */; };
		4A1442862C5DBE7300025E8D /* OnboardingContainerViewController.swift in Sources */ = {isa = PBXBuildFile; fileRef = 4A1442852C5DBE7300025E8D /* OnboardingContainerViewController.swift */; };
		4A1442882C5DC91100025E8D /* OnboardingViewController.swift in Sources */ = {isa = PBXBuildFile; fileRef = 4A1442872C5DC91100025E8D /* OnboardingViewController.swift */; };
		4A14428B2C5EA4BE00025E8D /* ViewController.swift in Sources */ = {isa = PBXBuildFile; fileRef = 4A14428A2C5EA4BE00025E8D /* ViewController.swift */; };
		4A14428D2C5EA4CD00025E8D /* WeatherService.swift in Sources */ = {isa = PBXBuildFile; fileRef = 4A14428C2C5EA4CD00025E8D /* WeatherService.swift */; };
		4A14428F2C5EA4D700025E8D /* Weather.swift in Sources */ = {isa = PBXBuildFile; fileRef = 4A14428E2C5EA4D700025E8D /* Weather.swift */; };
		4A1442912C5ED64800025E8D /* DummyViewController.swift in Sources */ = {isa = PBXBuildFile; fileRef = 4A1442902C5ED64700025E8D /* DummyViewController.swift */; };
		4A1442942C64909900025E8D /* LocalState.swift in Sources */ = {isa = PBXBuildFile; fileRef = 4A1442932C64909800025E8D /* LocalState.swift */; };
		4A7C60102C5BF43A00F8AA8D /* AppDelegate.swift in Sources */ = {isa = PBXBuildFile; fileRef = 4A7C600F2C5BF43A00F8AA8D /* AppDelegate.swift */; };
		4A7C60122C5BF43A00F8AA8D /* SceneDelegate.swift in Sources */ = {isa = PBXBuildFile; fileRef = 4A7C60112C5BF43A00F8AA8D /* SceneDelegate.swift */; };
		4A7C60142C5BF43A00F8AA8D /* LoginViewController.swift in Sources */ = {isa = PBXBuildFile; fileRef = 4A7C60132C5BF43A00F8AA8D /* LoginViewController.swift */; };
		4A7C60192C5BF43B00F8AA8D /* Assets.xcassets in Resources */ = {isa = PBXBuildFile; fileRef = 4A7C60182C5BF43B00F8AA8D /* Assets.xcassets */; };
/* End PBXBuildFile section */

/* Begin PBXFileReference section */
		4A1442812C5D4CEE00025E8D /* LoginView.swift */ = {isa = PBXFileReference; lastKnownFileType = sourcecode.swift; path = LoginView.swift; sourceTree = "<group>"; };
		4A1442852C5DBE7300025E8D /* OnboardingContainerViewController.swift */ = {isa = PBXFileReference; lastKnownFileType = sourcecode.swift; path = OnboardingContainerViewController.swift; sourceTree = "<group>"; };
		4A1442872C5DC91100025E8D /* OnboardingViewController.swift */ = {isa = PBXFileReference; lastKnownFileType = sourcecode.swift; path = OnboardingViewController.swift; sourceTree = "<group>"; };
		4A14428A2C5EA4BE00025E8D /* ViewController.swift */ = {isa = PBXFileReference; lastKnownFileType = sourcecode.swift; path = ViewController.swift; sourceTree = "<group>"; };
		4A14428C2C5EA4CD00025E8D /* WeatherService.swift */ = {isa = PBXFileReference; lastKnownFileType = sourcecode.swift; path = WeatherService.swift; sourceTree = "<group>"; };
		4A14428E2C5EA4D700025E8D /* Weather.swift */ = {isa = PBXFileReference; lastKnownFileType = sourcecode.swift; path = Weather.swift; sourceTree = "<group>"; };
		4A1442902C5ED64700025E8D /* DummyViewController.swift */ = {isa = PBXFileReference; lastKnownFileType = sourcecode.swift; path = DummyViewController.swift; sourceTree = "<group>"; };
		4A1442932C64909800025E8D /* LocalState.swift */ = {isa = PBXFileReference; lastKnownFileType = sourcecode.swift; path = LocalState.swift; sourceTree = "<group>"; };
		4A7C600C2C5BF43A00F8AA8D /* Bankey.app */ = {isa = PBXFileReference; explicitFileType = wrapper.application; includeInIndex = 0; path = Bankey.app; sourceTree = BUILT_PRODUCTS_DIR; };
		4A7C600F2C5BF43A00F8AA8D /* AppDelegate.swift */ = {isa = PBXFileReference; lastKnownFileType = sourcecode.swift; path = AppDelegate.swift; sourceTree = "<group>"; };
		4A7C60112C5BF43A00F8AA8D /* SceneDelegate.swift */ = {isa = PBXFileReference; lastKnownFileType = sourcecode.swift; path = SceneDelegate.swift; sourceTree = "<group>"; };
		4A7C60132C5BF43A00F8AA8D /* LoginViewController.swift */ = {isa = PBXFileReference; lastKnownFileType = sourcecode.swift; path = LoginViewController.swift; sourceTree = "<group>"; };
		4A7C60182C5BF43B00F8AA8D /* Assets.xcassets */ = {isa = PBXFileReference; lastKnownFileType = folder.assetcatalog; path = Assets.xcassets; sourceTree = "<group>"; };
		4A7C601D2C5BF43B00F8AA8D /* Info.plist */ = {isa = PBXFileReference; lastKnownFileType = text.plist.xml; path = Info.plist; sourceTree = "<group>"; };
/* End PBXFileReference section */

/* Begin PBXFrameworksBuildPhase section */
		4A7C60092C5BF43A00F8AA8D /* Frameworks */ = {
			isa = PBXFrameworksBuildPhase;
			buildActionMask = 2147483647;
			files = (
			);
			runOnlyForDeploymentPostprocessing = 0;
		};
/* End PBXFrameworksBuildPhase section */

/* Begin PBXGroup section */
		4A14427F2C5D4C6200025E8D /* Files */ = {
			isa = PBXGroup;
			children = (
				4A7C60182C5BF43B00F8AA8D /* Assets.xcassets */,
				4A7C601D2C5BF43B00F8AA8D /* Info.plist */,
			);
			name = Files;
			sourceTree = "<group>";
		};
		4A1442802C5D4C9E00025E8D /* Login */ = {
			isa = PBXGroup;
			children = (
				4A7C60132C5BF43A00F8AA8D /* LoginViewController.swift */,
				4A1442812C5D4CEE00025E8D /* LoginView.swift */,
				4A1442902C5ED64700025E8D /* DummyViewController.swift */,
			);
			path = Login;
			sourceTree = "<group>";
		};
		4A1442842C5DBDEB00025E8D /* Onboarding */ = {
			isa = PBXGroup;
			children = (
				4A1442852C5DBE7300025E8D /* OnboardingContainerViewController.swift */,
				4A1442872C5DC91100025E8D /* OnboardingViewController.swift */,
			);
			path = Onboarding;
			sourceTree = "<group>";
		};
		4A1442892C5EA49E00025E8D /* WeatherAPI */ = {
			isa = PBXGroup;
			children = (
				4A14428A2C5EA4BE00025E8D /* ViewController.swift */,
				4A14428C2C5EA4CD00025E8D /* WeatherService.swift */,
				4A14428E2C5EA4D700025E8D /* Weather.swift */,
			);
			path = WeatherAPI;
			sourceTree = "<group>";
		};
		4A1442922C64908000025E8D /* Utils */ = {
			isa = PBXGroup;
			children = (
				4A1442932C64909800025E8D /* LocalState.swift */,
			);
			path = Utils;
			sourceTree = "<group>";
		};
		4A7C60032C5BF43A00F8AA8D = {
			isa = PBXGroup;
			children = (
				4A7C600E2C5BF43A00F8AA8D /* Bankey */,
				4A7C600D2C5BF43A00F8AA8D /* Products */,
			);
			sourceTree = "<group>";
		};
		4A7C600D2C5BF43A00F8AA8D /* Products */ = {
			isa = PBXGroup;
			children = (
				4A7C600C2C5BF43A00F8AA8D /* Bankey.app */,
			);
			name = Products;
			sourceTree = "<group>";
		};
		4A7C600E2C5BF43A00F8AA8D /* Bankey */ = {
			isa = PBXGroup;
			children = (
				4A1442922C64908000025E8D /* Utils */,
				4A1442892C5EA49E00025E8D /* WeatherAPI */,
				4A1442842C5DBDEB00025E8D /* Onboarding */,
				4A1442802C5D4C9E00025E8D /* Login */,
				4A7C600F2C5BF43A00F8AA8D /* AppDelegate.swift */,
				4A7C60112C5BF43A00F8AA8D /* SceneDelegate.swift */,
				4A14427F2C5D4C6200025E8D /* Files */,
			);
			path = Bankey;
			sourceTree = "<group>";
		};
/* End PBXGroup section */

/* Begin PBXNativeTarget section */
		4A7C600B2C5BF43A00F8AA8D /* Bankey */ = {
			isa = PBXNativeTarget;
			buildConfigurationList = 4A7C60202C5BF43B00F8AA8D /* Build configuration list for PBXNativeTarget "Bankey" */;
			buildPhases = (
				4A7C60082C5BF43A00F8AA8D /* Sources */,
				4A7C60092C5BF43A00F8AA8D /* Frameworks */,
				4A7C600A2C5BF43A00F8AA8D /* Resources */,
			);
			buildRules = (
			);
			dependencies = (
			);
			name = Bankey;
			productName = Bankey;
			productReference = 4A7C600C2C5BF43A00F8AA8D /* Bankey.app */;
			productType = "com.apple.product-type.application";
		};
/* End PBXNativeTarget section */

/* Begin PBXProject section */
		4A7C60042C5BF43A00F8AA8D /* Project object */ = {
			isa = PBXProject;
			attributes = {
				BuildIndependentTargetsInParallel = 1;
				LastSwiftUpdateCheck = 1520;
				LastUpgradeCheck = 1520;
				TargetAttributes = {
					4A7C600B2C5BF43A00F8AA8D = {
						CreatedOnToolsVersion = 15.2;
					};
				};
			};
			buildConfigurationList = 4A7C60072C5BF43A00F8AA8D /* Build configuration list for PBXProject "Bankey" */;
			compatibilityVersion = "Xcode 14.0";
			developmentRegion = en;
			hasScannedForEncodings = 0;
			knownRegions = (
				en,
				Base,
			);
			mainGroup = 4A7C60032C5BF43A00F8AA8D;
			productRefGroup = 4A7C600D2C5BF43A00F8AA8D /* Products */;
			projectDirPath = "";
			projectRoot = "";
			targets = (
				4A7C600B2C5BF43A00F8AA8D /* Bankey */,
			);
		};
/* End PBXProject section */

/* Begin PBXResourcesBuildPhase section */
		4A7C600A2C5BF43A00F8AA8D /* Resources */ = {
			isa = PBXResourcesBuildPhase;
			buildActionMask = 2147483647;
			files = (
				4A7C60192C5BF43B00F8AA8D /* Assets.xcassets in Resources */,
			);
			runOnlyForDeploymentPostprocessing = 0;
		};
/* End PBXResourcesBuildPhase section */

/* Begin PBXSourcesBuildPhase section */
		4A7C60082C5BF43A00F8AA8D /* Sources */ = {
			isa = PBXSourcesBuildPhase;
			buildActionMask = 2147483647;
			files = (
				4A14428D2C5EA4CD00025E8D /* WeatherService.swift in Sources */,
				4A7C60142C5BF43A00F8AA8D /* LoginViewController.swift in Sources */,
				4A1442882C5DC91100025E8D /* OnboardingViewController.swift in Sources */,
				4A1442912C5ED64800025E8D /* DummyViewController.swift in Sources */,
				4A7C60102C5BF43A00F8AA8D /* AppDelegate.swift in Sources */,
				4A14428F2C5EA4D700025E8D /* Weather.swift in Sources */,
				4A1442942C64909900025E8D /* LocalState.swift in Sources */,
				4A1442822C5D4CEE00025E8D /* LoginView.swift in Sources */,
				4A14428B2C5EA4BE00025E8D /* ViewController.swift in Sources */,
				4A1442862C5DBE7300025E8D /* OnboardingContainerViewController.swift in Sources */,
				4A7C60122C5BF43A00F8AA8D /* SceneDelegate.swift in Sources */,
			);
			runOnlyForDeploymentPostprocessing = 0;
		};
/* End PBXSourcesBuildPhase section */

/* Begin XCBuildConfiguration section */
		4A7C601E2C5BF43B00F8AA8D /* Debug */ = {
			isa = XCBuildConfiguration;
			buildSettings = {
				ALWAYS_SEARCH_USER_PATHS = NO;
				ASSETCATALOG_COMPILER_GENERATE_SWIFT_ASSET_SYMBOL_EXTENSIONS = YES;
				CLANG_ANALYZER_NONNULL = YES;
				CLANG_ANALYZER_NUMBER_OBJECT_CONVERSION = YES_AGGRESSIVE;
				CLANG_CXX_LANGUAGE_STANDARD = "gnu++20";
				CLANG_ENABLE_MODULES = YES;
				CLANG_ENABLE_OBJC_ARC = YES;
				CLANG_ENABLE_OBJC_WEAK = YES;
				CLANG_WARN_BLOCK_CAPTURE_AUTORELEASING = YES;
				CLANG_WARN_BOOL_CONVERSION = YES;
				CLANG_WARN_COMMA = YES;
				CLANG_WARN_CONSTANT_CONVERSION = YES;
				CLANG_WARN_DEPRECATED_OBJC_IMPLEMENTATIONS = YES;
				CLANG_WARN_DIRECT_OBJC_ISA_USAGE = YES_ERROR;
				CLANG_WARN_DOCUMENTATION_COMMENTS = YES;
				CLANG_WARN_EMPTY_BODY = YES;
				CLANG_WARN_ENUM_CONVERSION = YES;
				CLANG_WARN_INFINITE_RECURSION = YES;
				CLANG_WARN_INT_CONVERSION = YES;
				CLANG_WARN_NON_LITERAL_NULL_CONVERSION = YES;
				CLANG_WARN_OBJC_IMPLICIT_RETAIN_SELF = YES;
				CLANG_WARN_OBJC_LITERAL_CONVERSION = YES;
				CLANG_WARN_OBJC_ROOT_CLASS = YES_ERROR;
				CLANG_WARN_QUOTED_INCLUDE_IN_FRAMEWORK_HEADER = YES;
				CLANG_WARN_RANGE_LOOP_ANALYSIS = YES;
				CLANG_WARN_STRICT_PROTOTYPES = YES;
				CLANG_WARN_SUSPICIOUS_MOVE = YES;
				CLANG_WARN_UNGUARDED_AVAILABILITY = YES_AGGRESSIVE;
				CLANG_WARN_UNREACHABLE_CODE = YES;
				CLANG_WARN__DUPLICATE_METHOD_MATCH = YES;
				COPY_PHASE_STRIP = NO;
				DEBUG_INFORMATION_FORMAT = dwarf;
				ENABLE_STRICT_OBJC_MSGSEND = YES;
				ENABLE_TESTABILITY = YES;
				ENABLE_USER_SCRIPT_SANDBOXING = YES;
				GCC_C_LANGUAGE_STANDARD = gnu17;
				GCC_DYNAMIC_NO_PIC = NO;
				GCC_NO_COMMON_BLOCKS = YES;
				GCC_OPTIMIZATION_LEVEL = 0;
				GCC_PREPROCESSOR_DEFINITIONS = (
					"DEBUG=1",
					"$(inherited)",
				);
				GCC_WARN_64_TO_32_BIT_CONVERSION = YES;
				GCC_WARN_ABOUT_RETURN_TYPE = YES_ERROR;
				GCC_WARN_UNDECLARED_SELECTOR = YES;
				GCC_WARN_UNINITIALIZED_AUTOS = YES_AGGRESSIVE;
				GCC_WARN_UNUSED_FUNCTION = YES;
				GCC_WARN_UNUSED_VARIABLE = YES;
				IPHONEOS_DEPLOYMENT_TARGET = 17.2;
				LOCALIZATION_PREFERS_STRING_CATALOGS = YES;
				MTL_ENABLE_DEBUG_INFO = INCLUDE_SOURCE;
				MTL_FAST_MATH = YES;
				ONLY_ACTIVE_ARCH = YES;
				SDKROOT = iphoneos;
				SWIFT_ACTIVE_COMPILATION_CONDITIONS = "DEBUG $(inherited)";
				SWIFT_OPTIMIZATION_LEVEL = "-Onone";
			};
			name = Debug;
		};
		4A7C601F2C5BF43B00F8AA8D /* Release */ = {
			isa = XCBuildConfiguration;
			buildSettings = {
				ALWAYS_SEARCH_USER_PATHS = NO;
				ASSETCATALOG_COMPILER_GENERATE_SWIFT_ASSET_SYMBOL_EXTENSIONS = YES;
				CLANG_ANALYZER_NONNULL = YES;
				CLANG_ANALYZER_NUMBER_OBJECT_CONVERSION = YES_AGGRESSIVE;
				CLANG_CXX_LANGUAGE_STANDARD = "gnu++20";
				CLANG_ENABLE_MODULES = YES;
				CLANG_ENABLE_OBJC_ARC = YES;
				CLANG_ENABLE_OBJC_WEAK = YES;
				CLANG_WARN_BLOCK_CAPTURE_AUTORELEASING = YES;
				CLANG_WARN_BOOL_CONVERSION = YES;
				CLANG_WARN_COMMA = YES;
				CLANG_WARN_CONSTANT_CONVERSION = YES;
				CLANG_WARN_DEPRECATED_OBJC_IMPLEMENTATIONS = YES;
				CLANG_WARN_DIRECT_OBJC_ISA_USAGE = YES_ERROR;
				CLANG_WARN_DOCUMENTATION_COMMENTS = YES;
				CLANG_WARN_EMPTY_BODY = YES;
				CLANG_WARN_ENUM_CONVERSION = YES;
				CLANG_WARN_INFINITE_RECURSION = YES;
				CLANG_WARN_INT_CONVERSION = YES;
				CLANG_WARN_NON_LITERAL_NULL_CONVERSION = YES;
				CLANG_WARN_OBJC_IMPLICIT_RETAIN_SELF = YES;
				CLANG_WARN_OBJC_LITERAL_CONVERSION = YES;
				CLANG_WARN_OBJC_ROOT_CLASS = YES_ERROR;
				CLANG_WARN_QUOTED_INCLUDE_IN_FRAMEWORK_HEADER = YES;
				CLANG_WARN_RANGE_LOOP_ANALYSIS = YES;
				CLANG_WARN_STRICT_PROTOTYPES = YES;
				CLANG_WARN_SUSPICIOUS_MOVE = YES;
				CLANG_WARN_UNGUARDED_AVAILABILITY = YES_AGGRESSIVE;
				CLANG_WARN_UNREACHABLE_CODE = YES;
				CLANG_WARN__DUPLICATE_METHOD_MATCH = YES;
				COPY_PHASE_STRIP = NO;
				DEBUG_INFORMATION_FORMAT = "dwarf-with-dsym";
				ENABLE_NS_ASSERTIONS = NO;
				ENABLE_STRICT_OBJC_MSGSEND = YES;
				ENABLE_USER_SCRIPT_SANDBOXING = YES;
				GCC_C_LANGUAGE_STANDARD = gnu17;
				GCC_NO_COMMON_BLOCKS = YES;
				GCC_WARN_64_TO_32_BIT_CONVERSION = YES;
				GCC_WARN_ABOUT_RETURN_TYPE = YES_ERROR;
				GCC_WARN_UNDECLARED_SELECTOR = YES;
				GCC_WARN_UNINITIALIZED_AUTOS = YES_AGGRESSIVE;
				GCC_WARN_UNUSED_FUNCTION = YES;
				GCC_WARN_UNUSED_VARIABLE = YES;
				IPHONEOS_DEPLOYMENT_TARGET = 17.2;
				LOCALIZATION_PREFERS_STRING_CATALOGS = YES;
				MTL_ENABLE_DEBUG_INFO = NO;
				MTL_FAST_MATH = YES;
				SDKROOT = iphoneos;
				SWIFT_COMPILATION_MODE = wholemodule;
				VALIDATE_PRODUCT = YES;
			};
			name = Release;
		};
		4A7C60212C5BF43B00F8AA8D /* Debug */ = {
			isa = XCBuildConfiguration;
			buildSettings = {
				ASSETCATALOG_COMPILER_APPICON_NAME = AppIcon;
				ASSETCATALOG_COMPILER_GLOBAL_ACCENT_COLOR_NAME = AccentColor;
				CODE_SIGN_STYLE = Automatic;
				CURRENT_PROJECT_VERSION = 1;
				DEVELOPMENT_TEAM = 8ULB4MFK6Y;
				GENERATE_INFOPLIST_FILE = YES;
				INFOPLIST_FILE = Bankey/Info.plist;
				INFOPLIST_KEY_UIApplicationSupportsIndirectInputEvents = YES;
				INFOPLIST_KEY_UILaunchStoryboardName = LaunchScreen;
				INFOPLIST_KEY_UISupportedInterfaceOrientations_iPad = "UIInterfaceOrientationPortrait UIInterfaceOrientationPortraitUpsideDown UIInterfaceOrientationLandscapeLeft UIInterfaceOrientationLandscapeRight";
				INFOPLIST_KEY_UISupportedInterfaceOrientations_iPhone = "UIInterfaceOrientationPortrait UIInterfaceOrientationLandscapeLeft UIInterfaceOrientationLandscapeRight";
				LD_RUNPATH_SEARCH_PATHS = (
					"$(inherited)",
					"@executable_path/Frameworks",
				);
				MARKETING_VERSION = 1.0;
				PRODUCT_BUNDLE_IDENTIFIER = com.raghav6801.Bankey;
				PRODUCT_NAME = "$(TARGET_NAME)";
				SWIFT_EMIT_LOC_STRINGS = YES;
				SWIFT_VERSION = 5.0;
				TARGETED_DEVICE_FAMILY = "1,2";
			};
			name = Debug;
		};
		4A7C60222C5BF43B00F8AA8D /* Release */ = {
			isa = XCBuildConfiguration;
			buildSettings = {
				ASSETCATALOG_COMPILER_APPICON_NAME = AppIcon;
				ASSETCATALOG_COMPILER_GLOBAL_ACCENT_COLOR_NAME = AccentColor;
				CODE_SIGN_STYLE = Automatic;
				CURRENT_PROJECT_VERSION = 1;
				DEVELOPMENT_TEAM = 8ULB4MFK6Y;
				GENERATE_INFOPLIST_FILE = YES;
				INFOPLIST_FILE = Bankey/Info.plist;
				INFOPLIST_KEY_UIApplicationSupportsIndirectInputEvents = YES;
				INFOPLIST_KEY_UILaunchStoryboardName = LaunchScreen;
				INFOPLIST_KEY_UISupportedInterfaceOrientations_iPad = "UIInterfaceOrientationPortrait UIInterfaceOrientationPortraitUpsideDown UIInterfaceOrientationLandscapeLeft UIInterfaceOrientationLandscapeRight";
				INFOPLIST_KEY_UISupportedInterfaceOrientations_iPhone = "UIInterfaceOrientationPortrait UIInterfaceOrientationLandscapeLeft UIInterfaceOrientationLandscapeRight";
				LD_RUNPATH_SEARCH_PATHS = (
					"$(inherited)",
					"@executable_path/Frameworks",
				);
				MARKETING_VERSION = 1.0;
				PRODUCT_BUNDLE_IDENTIFIER = com.raghav6801.Bankey;
				PRODUCT_NAME = "$(TARGET_NAME)";
				SWIFT_EMIT_LOC_STRINGS = YES;
				SWIFT_VERSION = 5.0;
				TARGETED_DEVICE_FAMILY = "1,2";
			};
			name = Release;
		};
/* End XCBuildConfiguration section */

/* Begin XCConfigurationList section */
		4A7C60072C5BF43A00F8AA8D /* Build configuration list for PBXProject "Bankey" */ = {
			isa = XCConfigurationList;
			buildConfigurations = (
				4A7C601E2C5BF43B00F8AA8D /* Debug */,
				4A7C601F2C5BF43B00F8AA8D /* Release */,
			);
			defaultConfigurationIsVisible = 0;
			defaultConfigurationName = Release;
		};
		4A7C60202C5BF43B00F8AA8D /* Build configuration list for PBXNativeTarget "Bankey" */ = {
			isa = XCConfigurationList;
			buildConfigurations = (
				4A7C60212C5BF43B00F8AA8D /* Debug */,
				4A7C60222C5BF43B00F8AA8D /* Release */,
			);
			defaultConfigurationIsVisible = 0;
			defaultConfigurationName = Release;
		};
/* End XCConfigurationList section */
	};
	rootObject = 4A7C60042C5BF43A00F8AA8D /* Project object */;
}
